{
  "name": "@rekarel/cli",
  "version": "1.0.0",
  "lockfileVersion": 3,
  "requires": true,
  "packages": {
    "": {
      "name": "@rekarel/cli",
      "version": "1.0.0",
      "license": "MIT",
      "dependencies": {
        "@rekarel/core": "^1.0.0"
      }
    },
    "node_modules/@rekarel/core": {
      "version": "1.0.0",
      "resolved": "https://registry.npmjs.org/@rekarel/core/-/core-1.0.0.tgz",
      "integrity": "sha512-JzoInRe+Pz/7j4PxPGNtNWiLBXnV61VoEgLGMYmsydxFPcdRROZq0G8+vanuE/Hi7ptdC5al54LXVJ+Ux4uITw=="
    }
  }
}
